// !$*UTF8*$!
{
	archiveVersion = 1;
	classes = {
	};
	objectVersion = 46;
	objects = {

/* Begin PBXBuildFile section */
		337EA0AC15F68DAB002755FD /* Cocoa.framework in Frameworks */ = {isa = PBXBuildFile; fileRef = 337EA0AB15F68DAB002755FD /* Cocoa.framework */; };
		337EA0B615F68DAB002755FD /* InfoPlist.strings in Resources */ = {isa = PBXBuildFile; fileRef = 337EA0B415F68DAB002755FD /* InfoPlist.strings */; };
		337EA0B815F68DAB002755FD /* main.m in Sources */ = {isa = PBXBuildFile; fileRef = 337EA0B715F68DAB002755FD /* main.m */; };
		337EA0BC15F68DAB002755FD /* Credits.rtf in Resources */ = {isa = PBXBuildFile; fileRef = 337EA0BA15F68DAB002755FD /* Credits.rtf */; };
		337EA0BF15F68DAB002755FD /* AppDelegate.m in Sources */ = {isa = PBXBuildFile; fileRef = 337EA0BE15F68DAB002755FD /* AppDelegate.m */; };
		337EA0C215F68DAB002755FD /* MainMenu.xib in Resources */ = {isa = PBXBuildFile; fileRef = 337EA0C015F68DAB002755FD /* MainMenu.xib */; };
		337EA0CA15F68DAC002755FD /* SenTestingKit.framework in Frameworks */ = {isa = PBXBuildFile; fileRef = 337EA0C915F68DAC002755FD /* SenTestingKit.framework */; };
		337EA0CB15F68DAC002755FD /* Cocoa.framework in Frameworks */ = {isa = PBXBuildFile; fileRef = 337EA0AB15F68DAB002755FD /* Cocoa.framework */; };
		337EA0D315F68DAC002755FD /* InfoPlist.strings in Resources */ = {isa = PBXBuildFile; fileRef = 337EA0D115F68DAC002755FD /* InfoPlist.strings */; };
		337EA0D615F68DAC002755FD /* qTests.m in Sources */ = {isa = PBXBuildFile; fileRef = 337EA0D515F68DAC002755FD /* qTests.m */; };
/* End PBXBuildFile section */

/* Begin PBXContainerItemProxy section */
		337EA0CC15F68DAC002755FD /* PBXContainerItemProxy */ = {
			isa = PBXContainerItemProxy;
			containerPortal = 337EA09E15F68DAB002755FD /* Project object */;
			proxyType = 1;
			remoteGlobalIDString = 337EA0A615F68DAB002755FD;
			remoteInfo = q;
		};
/* End PBXContainerItemProxy section */

/* Begin PBXFileReference section */
		337EA0A715F68DAB002755FD /* q.app */ = {isa = PBXFileReference; explicitFileType = wrapper.application; includeInIndex = 0; path = q.app; sourceTree = BUILT_PRODUCTS_DIR; };
		337EA0AB15F68DAB002755FD /* Cocoa.framework */ = {isa = PBXFileReference; lastKnownFileType = wrapper.framework; name = Cocoa.framework; path = System/Library/Frameworks/Cocoa.framework; sourceTree = SDKROOT; };
		337EA0AE15F68DAB002755FD /* AppKit.framework */ = {isa = PBXFileReference; lastKnownFileType = wrapper.framework; name = AppKit.framework; path = System/Library/Frameworks/AppKit.framework; sourceTree = SDKROOT; };
		337EA0AF15F68DAB002755FD /* CoreData.framework */ = {isa = PBXFileReference; lastKnownFileType = wrapper.framework; name = CoreData.framework; path = System/Library/Frameworks/CoreData.framework; sourceTree = SDKROOT; };
		337EA0B015F68DAB002755FD /* Foundation.framework */ = {isa = PBXFileReference; lastKnownFileType = wrapper.framework; name = Foundation.framework; path = System/Library/Frameworks/Foundation.framework; sourceTree = SDKROOT; };
		337EA0B315F68DAB002755FD /* q-Info.plist */ = {isa = PBXFileReference; lastKnownFileType = text.plist.xml; path = "q-Info.plist"; sourceTree = "<group>"; };
		337EA0B515F68DAB002755FD /* en */ = {isa = PBXFileReference; lastKnownFileType = text.plist.strings; name = en; path = en.lproj/InfoPlist.strings; sourceTree = "<group>"; };
		337EA0B715F68DAB002755FD /* main.m */ = {isa = PBXFileReference; lastKnownFileType = sourcecode.c.objc; path = main.m; sourceTree = "<group>"; };
		337EA0B915F68DAB002755FD /* q-Prefix.pch */ = {isa = PBXFileReference; lastKnownFileType = sourcecode.c.h; path = "q-Prefix.pch"; sourceTree = "<group>"; };
		337EA0BB15F68DAB002755FD /* en */ = {isa = PBXFileReference; lastKnownFileType = text.rtf; name = en; path = en.lproj/Credits.rtf; sourceTree = "<group>"; };
		337EA0BD15F68DAB002755FD /* AppDelegate.h */ = {isa = PBXFileReference; lastKnownFileType = sourcecode.c.h; path = AppDelegate.h; sourceTree = "<group>"; };
		337EA0BE15F68DAB002755FD /* AppDelegate.m */ = {isa = PBXFileReference; lastKnownFileType = sourcecode.c.objc; path = AppDelegate.m; sourceTree = "<group>"; };
		337EA0C115F68DAB002755FD /* en */ = {isa = PBXFileReference; lastKnownFileType = file.xib; name = en; path = en.lproj/MainMenu.xib; sourceTree = "<group>"; };
		337EA0C815F68DAC002755FD /* qTests.octest */ = {isa = PBXFileReference; explicitFileType = wrapper.cfbundle; includeInIndex = 0; path = qTests.octest; sourceTree = BUILT_PRODUCTS_DIR; };
		337EA0C915F68DAC002755FD /* SenTestingKit.framework */ = {isa = PBXFileReference; lastKnownFileType = wrapper.framework; name = SenTestingKit.framework; path = Library/Frameworks/SenTestingKit.framework; sourceTree = DEVELOPER_DIR; };
		337EA0D015F68DAC002755FD /* qTests-Info.plist */ = {isa = PBXFileReference; lastKnownFileType = text.plist.xml; path = "qTests-Info.plist"; sourceTree = "<group>"; };
		337EA0D215F68DAC002755FD /* en */ = {isa = PBXFileReference; lastKnownFileType = text.plist.strings; name = en; path = en.lproj/InfoPlist.strings; sourceTree = "<group>"; };
		337EA0D415F68DAC002755FD /* qTests.h */ = {isa = PBXFileReference; lastKnownFileType = sourcecode.c.h; path = qTests.h; sourceTree = "<group>"; };
		337EA0D515F68DAC002755FD /* qTests.m */ = {isa = PBXFileReference; lastKnownFileType = sourcecode.c.objc; path = qTests.m; sourceTree = "<group>"; };
/* End PBXFileReference section */

/* Begin PBXFrameworksBuildPhase section */
		337EA0A415F68DAB002755FD /* Frameworks */ = {
			isa = PBXFrameworksBuildPhase;
			buildActionMask = 2147483647;
			files = (
				337EA0AC15F68DAB002755FD /* Cocoa.framework in Frameworks */,
			);
			runOnlyForDeploymentPostprocessing = 0;
		};
		337EA0C415F68DAC002755FD /* Frameworks */ = {
			isa = PBXFrameworksBuildPhase;
			buildActionMask = 2147483647;
			files = (
				337EA0CA15F68DAC002755FD /* SenTestingKit.framework in Frameworks */,
				337EA0CB15F68DAC002755FD /* Cocoa.framework in Frameworks */,
			);
			runOnlyForDeploymentPostprocessing = 0;
		};
/* End PBXFrameworksBuildPhase section */

/* Begin PBXGroup section */
		337EA09C15F68DAB002755FD = {
			isa = PBXGroup;
			children = (
				337EA0B115F68DAB002755FD /* q */,
				337EA0CE15F68DAC002755FD /* qTests */,
				337EA0AA15F68DAB002755FD /* Frameworks */,
				337EA0A815F68DAB002755FD /* Products */,
			);
			sourceTree = "<group>";
		};
		337EA0A815F68DAB002755FD /* Products */ = {
			isa = PBXGroup;
			children = (
				337EA0A715F68DAB002755FD /* q.app */,
				337EA0C815F68DAC002755FD /* qTests.octest */,
			);
			name = Products;
			sourceTree = "<group>";
		};
		337EA0AA15F68DAB002755FD /* Frameworks */ = {
			isa = PBXGroup;
			children = (
				337EA0AB15F68DAB002755FD /* Cocoa.framework */,
				337EA0C915F68DAC002755FD /* SenTestingKit.framework */,
				337EA0AD15F68DAB002755FD /* Other Frameworks */,
			);
			name = Frameworks;
			sourceTree = "<group>";
		};
		337EA0AD15F68DAB002755FD /* Other Frameworks */ = {
			isa = PBXGroup;
			children = (
				337EA0AE15F68DAB002755FD /* AppKit.framework */,
				337EA0AF15F68DAB002755FD /* CoreData.framework */,
				337EA0B015F68DAB002755FD /* Foundation.framework */,
			);
			name = "Other Frameworks";
			sourceTree = "<group>";
		};
		337EA0B115F68DAB002755FD /* q */ = {
			isa = PBXGroup;
			children = (
				337EA0BD15F68DAB002755FD /* AppDelegate.h */,
				337EA0BE15F68DAB002755FD /* AppDelegate.m */,
				337EA0C015F68DAB002755FD /* MainMenu.xib */,
				337EA0B215F68DAB002755FD /* Supporting Files */,
			);
			path = q;
			sourceTree = "<group>";
		};
		337EA0B215F68DAB002755FD /* Supporting Files */ = {
			isa = PBXGroup;
			children = (
				337EA0B315F68DAB002755FD /* q-Info.plist */,
				337EA0B415F68DAB002755FD /* InfoPlist.strings */,
				337EA0B715F68DAB002755FD /* main.m */,
				337EA0B915F68DAB002755FD /* q-Prefix.pch */,
				337EA0BA15F68DAB002755FD /* Credits.rtf */,
			);
			name = "Supporting Files";
			sourceTree = "<group>";
		};
		337EA0CE15F68DAC002755FD /* qTests */ = {
			isa = PBXGroup;
			children = (
				337EA0D415F68DAC002755FD /* qTests.h */,
				337EA0D515F68DAC002755FD /* qTests.m */,
				337EA0CF15F68DAC002755FD /* Supporting Files */,
			);
			path = qTests;
			sourceTree = "<group>";
		};
		337EA0CF15F68DAC002755FD /* Supporting Files */ = {
			isa = PBXGroup;
			children = (
				337EA0D015F68DAC002755FD /* qTests-Info.plist */,
				337EA0D115F68DAC002755FD /* InfoPlist.strings */,
			);
			name = "Supporting Files";
			sourceTree = "<group>";
		};
/* End PBXGroup section */

/* Begin PBXNativeTarget section */
		337EA0A615F68DAB002755FD /* q */ = {
			isa = PBXNativeTarget;
			buildConfigurationList = 337EA0D915F68DAC002755FD /* Build configuration list for PBXNativeTarget "q" */;
			buildPhases = (
				337EA0A315F68DAB002755FD /* Sources */,
				337EA0A415F68DAB002755FD /* Frameworks */,
				337EA0A515F68DAB002755FD /* Resources */,
			);
			buildRules = (
			);
			dependencies = (
			);
			name = q;
			productName = q;
			productReference = 337EA0A715F68DAB002755FD /* q.app */;
			productType = "com.apple.product-type.application";
		};
		337EA0C715F68DAC002755FD /* qTests */ = {
			isa = PBXNativeTarget;
			buildConfigurationList = 337EA0DC15F68DAC002755FD /* Build configuration list for PBXNativeTarget "qTests" */;
			buildPhases = (
				337EA0C315F68DAC002755FD /* Sources */,
				337EA0C415F68DAC002755FD /* Frameworks */,
				337EA0C515F68DAC002755FD /* Resources */,
				337EA0C615F68DAC002755FD /* ShellScript */,
			);
			buildRules = (
			);
			dependencies = (
				337EA0CD15F68DAC002755FD /* PBXTargetDependency */,
			);
			name = qTests;
			productName = qTests;
			productReference = 337EA0C815F68DAC002755FD /* qTests.octest */;
			productType = "com.apple.product-type.bundle";
		};
/* End PBXNativeTarget section */

/* Begin PBXProject section */
		337EA09E15F68DAB002755FD /* Project object */ = {
			isa = PBXProject;
			attributes = {
				LastUpgradeCheck = 0440;
				ORGANIZATIONNAME = "Lionel Comandini";
			};
			buildConfigurationList = 337EA0A115F68DAB002755FD /* Build configuration list for PBXProject "q" */;
			compatibilityVersion = "Xcode 3.2";
			developmentRegion = English;
			hasScannedForEncodings = 0;
			knownRegions = (
				en,
			);
			mainGroup = 337EA09C15F68DAB002755FD;
			productRefGroup = 337EA0A815F68DAB002755FD /* Products */;
			projectDirPath = "";
			projectRoot = "";
			targets = (
				337EA0A615F68DAB002755FD /* q */,
				337EA0C715F68DAC002755FD /* qTests */,
			);
		};
/* End PBXProject section */

/* Begin PBXResourcesBuildPhase section */
		337EA0A515F68DAB002755FD /* Resources */ = {
			isa = PBXResourcesBuildPhase;
			buildActionMask = 2147483647;
			files = (
				337EA0B615F68DAB002755FD /* InfoPlist.strings in Resources */,
				337EA0BC15F68DAB002755FD /* Credits.rtf in Resources */,
				337EA0C215F68DAB002755FD /* MainMenu.xib in Resources */,
			);
			runOnlyForDeploymentPostprocessing = 0;
		};
		337EA0C515F68DAC002755FD /* Resources */ = {
			isa = PBXResourcesBuildPhase;
			buildActionMask = 2147483647;
			files = (
				337EA0D315F68DAC002755FD /* InfoPlist.strings in Resources */,
			);
			runOnlyForDeploymentPostprocessing = 0;
		};
/* End PBXResourcesBuildPhase section */

/* Begin PBXShellScriptBuildPhase section */
		337EA0C615F68DAC002755FD /* ShellScript */ = {
			isa = PBXShellScriptBuildPhase;
			buildActionMask = 2147483647;
			files = (
			);
			inputPaths = (
			);
			outputPaths = (
			);
			runOnlyForDeploymentPostprocessing = 0;
			shellPath = /bin/sh;
			shellScript = "# Run the unit tests in this test bundle.\n\"${SYSTEM_DEVELOPER_DIR}/Tools/RunUnitTests\"\n";
		};
/* End PBXShellScriptBuildPhase section */

/* Begin PBXSourcesBuildPhase section */
		337EA0A315F68DAB002755FD /* Sources */ = {
			isa = PBXSourcesBuildPhase;
			buildActionMask = 2147483647;
			files = (
				337EA0B815F68DAB002755FD /* main.m in Sources */,
				337EA0BF15F68DAB002755FD /* AppDelegate.m in Sources */,
			);
			runOnlyForDeploymentPostprocessing = 0;
		};
		337EA0C315F68DAC002755FD /* Sources */ = {
			isa = PBXSourcesBuildPhase;
			buildActionMask = 2147483647;
			files = (
				337EA0D615F68DAC002755FD /* qTests.m in Sources */,
			);
			runOnlyForDeploymentPostprocessing = 0;
		};
/* End PBXSourcesBuildPhase section */

/* Begin PBXTargetDependency section */
		337EA0CD15F68DAC002755FD /* PBXTargetDependency */ = {
			isa = PBXTargetDependency;
			target = 337EA0A615F68DAB002755FD /* q */;
			targetProxy = 337EA0CC15F68DAC002755FD /* PBXContainerItemProxy */;
		};
/* End PBXTargetDependency section */

/* Begin PBXVariantGroup section */
		337EA0B415F68DAB002755FD /* InfoPlist.strings */ = {
			isa = PBXVariantGroup;
			children = (
				337EA0B515F68DAB002755FD /* en */,
			);
			name = InfoPlist.strings;
			sourceTree = "<group>";
		};
		337EA0BA15F68DAB002755FD /* Credits.rtf */ = {
			isa = PBXVariantGroup;
			children = (
				337EA0BB15F68DAB002755FD /* en */,
			);
			name = Credits.rtf;
			sourceTree = "<group>";
		};
		337EA0C015F68DAB002755FD /* MainMenu.xib */ = {
			isa = PBXVariantGroup;
			children = (
				337EA0C115F68DAB002755FD /* en */,
			);
			name = MainMenu.xib;
			sourceTree = "<group>";
		};
		337EA0D115F68DAC002755FD /* InfoPlist.strings */ = {
			isa = PBXVariantGroup;
			children = (
				337EA0D215F68DAC002755FD /* en */,
			);
			name = InfoPlist.strings;
			sourceTree = "<group>";
		};
/* End PBXVariantGroup section */

/* Begin XCBuildConfiguration section */
		337EA0D715F68DAC002755FD /* Debug */ = {
			isa = XCBuildConfiguration;
			buildSettings = {
				ALWAYS_SEARCH_USER_PATHS = NO;
				ARCHS = "$(ARCHS_STANDARD_64_BIT)";
				CLANG_CXX_LANGUAGE_STANDARD = "gnu++0x";
				CLANG_ENABLE_OBJC_ARC = YES;
				CLANG_WARN__DUPLICATE_METHOD_MATCH = YES;
				COPY_PHASE_STRIP = NO;
				GCC_C_LANGUAGE_STANDARD = gnu99;
				GCC_DYNAMIC_NO_PIC = NO;
				GCC_ENABLE_OBJC_EXCEPTIONS = YES;
				GCC_OPTIMIZATION_LEVEL = 0;
				GCC_PREPROCESSOR_DEFINITIONS = (
					"DEBUG=1",
					"$(inherited)",
				);
				GCC_SYMBOLS_PRIVATE_EXTERN = NO;
				GCC_WARN_64_TO_32_BIT_CONVERSION = YES;
				GCC_WARN_ABOUT_RETURN_TYPE = YES;
				GCC_WARN_UNINITIALIZED_AUTOS = YES;
				GCC_WARN_UNUSED_VARIABLE = YES;
				MACOSX_DEPLOYMENT_TARGET = 10.7;
				ONLY_ACTIVE_ARCH = YES;
				SDKROOT = macosx;
			};
			name = Debug;
		};
		337EA0D815F68DAC002755FD /* Release */ = {
			isa = XCBuildConfiguration;
			buildSettings = {
				ALWAYS_SEARCH_USER_PATHS = NO;
				ARCHS = "$(ARCHS_STANDARD_64_BIT)";
				CLANG_CXX_LANGUAGE_STANDARD = "gnu++0x";
				CLANG_ENABLE_OBJC_ARC = YES;
				CLANG_WARN__DUPLICATE_METHOD_MATCH = YES;
				COPY_PHASE_STRIP = YES;
				DEBUG_INFORMATION_FORMAT = "dwarf-with-dsym";
				GCC_C_LANGUAGE_STANDARD = gnu99;
				GCC_ENABLE_OBJC_EXCEPTIONS = YES;
				GCC_WARN_64_TO_32_BIT_CONVERSION = YES;
				GCC_WARN_ABOUT_RETURN_TYPE = YES;
				GCC_WARN_UNINITIALIZED_AUTOS = YES;
				GCC_WARN_UNUSED_VARIABLE = YES;
				MACOSX_DEPLOYMENT_TARGET = 10.7;
				SDKROOT = macosx;
			};
			name = Release;
		};
		337EA0DA15F68DAC002755FD /* Debug */ = {
			isa = XCBuildConfiguration;
			buildSettings = {
				COMBINE_HIDPI_IMAGES = YES;
				GCC_PRECOMPILE_PREFIX_HEADER = YES;
				GCC_PREFIX_HEADER = "q/q-Prefix.pch";
				INFOPLIST_FILE = "q/q-Info.plist";
				PRODUCT_NAME = "$(TARGET_NAME)";
				WRAPPER_EXTENSION = app;
			};
			name = Debug;
		};
		337EA0DB15F68DAC002755FD /* Release */ = {
			isa = XCBuildConfiguration;
			buildSettings = {
				COMBINE_HIDPI_IMAGES = YES;
				GCC_PRECOMPILE_PREFIX_HEADER = YES;
				GCC_PREFIX_HEADER = "q/q-Prefix.pch";
				INFOPLIST_FILE = "q/q-Info.plist";
				PRODUCT_NAME = "$(TARGET_NAME)";
				WRAPPER_EXTENSION = app;
			};
			name = Release;
		};
		337EA0DD15F68DAC002755FD /* Debug */ = {
			isa = XCBuildConfiguration;
			buildSettings = {
				BUNDLE_LOADER = "$(BUILT_PRODUCTS_DIR)/q.app/Contents/MacOS/q";
				COMBINE_HIDPI_IMAGES = YES;
				FRAMEWORK_SEARCH_PATHS = "\"$(DEVELOPER_LIBRARY_DIR)/Frameworks\"";
				GCC_PRECOMPILE_PREFIX_HEADER = YES;
				GCC_PREFIX_HEADER = "q/q-Prefix.pch";
				INFOPLIST_FILE = "qTests/qTests-Info.plist";
				PRODUCT_NAME = "$(TARGET_NAME)";
				TEST_HOST = "$(BUNDLE_LOADER)";
				WRAPPER_EXTENSION = octest;
			};
			name = Debug;
		};
		337EA0DE15F68DAC002755FD /* Release */ = {
			isa = XCBuildConfiguration;
			buildSettings = {
				BUNDLE_LOADER = "$(BUILT_PRODUCTS_DIR)/q.app/Contents/MacOS/q";
				COMBINE_HIDPI_IMAGES = YES;
				FRAMEWORK_SEARCH_PATHS = "\"$(DEVELOPER_LIBRARY_DIR)/Frameworks\"";
				GCC_PRECOMPILE_PREFIX_HEADER = YES;
				GCC_PREFIX_HEADER = "q/q-Prefix.pch";
				INFOPLIST_FILE = "qTests/qTests-Info.plist";
				PRODUCT_NAME = "$(TARGET_NAME)";
				TEST_HOST = "$(BUNDLE_LOADER)";
				WRAPPER_EXTENSION = octest;
			};
			name = Release;
		};
/* End XCBuildConfiguration section */

/* Begin XCConfigurationList section */
		337EA0A115F68DAB002755FD /* Build configuration list for PBXProject "q" */ = {
			isa = XCConfigurationList;
			buildConfigurations = (
				337EA0D715F68DAC002755FD /* Debug */,
				337EA0D815F68DAC002755FD /* Release */,
			);
			defaultConfigurationIsVisible = 0;
			defaultConfigurationName = Release;
		};
		337EA0D915F68DAC002755FD /* Build configuration list for PBXNativeTarget "q" */ = {
			isa = XCConfigurationList;
			buildConfigurations = (
				337EA0DA15F68DAC002755FD /* Debug */,
				337EA0DB15F68DAC002755FD /* Release */,
			);
			defaultConfigurationIsVisible = 0;
		};
		337EA0DC15F68DAC002755FD /* Build configuration list for PBXNativeTarget "qTests" */ = {
			isa = XCConfigurationList;
			buildConfigurations = (
				337EA0DD15F68DAC002755FD /* Debug */,
				337EA0DE15F68DAC002755FD /* Release */,
			);
			defaultConfigurationIsVisible = 0;
		};
/* End XCConfigurationList section */
	};
	rootObject = 337EA09E15F68DAB002755FD /* Project object */;
}
